# This file is automatically @generated by Cargo.
# It is not intended for manual editing.
[[package]]
name = "ahash"
version = "0.3.8"
source = "registry+https://github.com/rust-lang/crates.io-index"
checksum = "e8fd72866655d1904d6b0997d0b07ba561047d070fbe29de039031c641b61217"

[[package]]
name = "ansi_escape_code"
version = "0.1.0"

[[package]]
name = "autocfg"
version = "1.0.0"
source = "registry+https://github.com/rust-lang/crates.io-index"
checksum = "f8aac770f1885fd7e387acedd76065302551364496e46b3dd00860b2f8359b9d"

[[package]]
name = "bit_field"
version = "0.9.0"
source = "registry+https://github.com/rust-lang/crates.io-index"
checksum = "ed8765909f9009617974ab6b7d332625b320b33c326b1e9321382ef1999b5d56"

[[package]]
name = "bit_field"
version = "0.10.0"
source = "registry+https://github.com/rust-lang/crates.io-index"
checksum = "a165d606cf084741d4ac3a28fb6e9b1eb0bd31f6cd999098cfddb0b2ab381dc0"

[[package]]
name = "bitflags"
version = "1.2.1"
source = "registry+https://github.com/rust-lang/crates.io-index"
checksum = "cf1de2fe8c75bc145a2f577add951f8134889b4795d47466a54a5c846d691693"

[[package]]
name = "cfg-if"
version = "0.1.10"
source = "registry+https://github.com/rust-lang/crates.io-index"
checksum = "4785bdd1c96b2a846b2bd7cc02e86b6b3dbf14e7e53446c4f54c92a361040822"

[[package]]
name = "const_assert"
version = "0.1.0"

[[package]]
name = "dummy"
version = "0.1.0"
dependencies = [
 "interrupts",
 "kernel_modules",
]

[[package]]
name = "fallible_collections"
version = "0.1.2"
source = "git+https://github.com/sclolus/fallible_collections#b331f38f31f5a5eabb2d94462a0fd784df3baea1"
dependencies = [
 "hashbrown",
]

[[package]]
name = "hashbrown"
version = "0.7.2"
source = "registry+https://github.com/rust-lang/crates.io-index"
checksum = "96282e96bfcd3da0d3aa9938bedf1e50df3269b6db08b4876d2da0bb1a0841cf"
dependencies = [
 "ahash",
 "autocfg",
]

[[package]]
name = "i386"
version = "0.1.0"
dependencies = [
 "bit_field 0.10.0",
]

[[package]]
name = "interrupts"
version = "0.1.0"
dependencies = [
 "bit_field 0.10.0",
 "i386",
]

[[package]]
name = "io"
version = "0.1.0"

[[package]]
name = "irq"
version = "0.1.0"
dependencies = [
 "io",
]

[[package]]
name = "kernel_modules"
version = "0.1.0"
dependencies = [
 "irq",
 "libc_binding",
 "log",
 "messaging",
 "time",
]

[[package]]
name = "key"
version = "0.1.0"
dependencies = [
 "interrupts",
 "kernel_modules",
 "keyboard",
 "messaging",
]

[[package]]
name = "keyboard"
version = "0.1.0"
dependencies = [
 "io",
]

[[package]]
name = "libc_binding"
version = "0.1.0"
dependencies = [
 "bitflags",
 "const_assert",
]

[[package]]
name = "log"
version = "0.4.8"
source = "registry+https://github.com/rust-lang/crates.io-index"
checksum = "14b6052be84e6b71ab17edffc2eeabf5c2c3ae1fdb464aae35ac50c67a44e1f7"
dependencies = [
 "cfg-if",
]

[[package]]
name = "messaging"
version = "0.1.0"
dependencies = [
 "keyboard",
 "libc_binding",
]

[[package]]
name = "rtc"
version = "0.1.0"
dependencies = [
 "bit_field 0.10.0",
 "interrupts",
 "io",
 "irq",
 "kernel_modules",
 "rtc_toolkit",
 "time",
]

[[package]]
name = "rtc_toolkit"
version = "0.1.0"
dependencies = [
 "bit_field 0.10.0",
 "io",
 "irq",
 "time",
]

[[package]]
name = "shell"
version = "0.1.0"
dependencies = [
 "ansi_escape_code",
 "bit_field 0.9.0",
]

[[package]]
name = "syslog"
version = "0.1.0"
dependencies = [
 "ansi_escape_code",
 "fallible_collections",
 "interrupts",
 "kernel_modules",
 "keyboard",
 "libc_binding",
 "log",
 "messaging",
]

[[package]]
name = "time"
version = "0.1.0"
